<?xml version="1.0" encoding="utf-8"?>
<Project ToolsVersion="4.0" xmlns="http://schemas.microsoft.com/developer/msbuild/2003">
  <ItemGroup>
    <Filter Include="Исходные файлы">
      <UniqueIdentifier>{4FC737F1-C7A5-4376-A066-2A32D752A2FF}</UniqueIdentifier>
      <Extensions>cpp;c;cc;cxx;c++;def;odl;idl;hpj;bat;asm;asmx</Extensions>
    </Filter>
    <Filter Include="Файлы заголовков">
      <UniqueIdentifier>{93995380-89BD-4b04-88EB-625FBE52EBFB}</UniqueIdentifier>
      <Extensions>h;hh;hpp;hxx;h++;hm;inl;inc;ipp;xsd</Extensions>
    </Filter>
    <Filter Include="Исходные файлы\Modules">
      <UniqueIdentifier>{6f75b814-86e4-4ea3-a7fb-220e51dec61c}</UniqueIdentifier>
    </Filter>
    <Filter Include="Файлы заголовков\Modules">
      <UniqueIdentifier>{bc078ed4-4465-4405-9050-4ab5b3af1d87}</UniqueIdentifier>
    </Filter>
  </ItemGroup>
  <ItemGroup>
    <ClCompile Include="Arthemida.cpp">
      <Filter>Исходные файлы</Filter>
    </ClCompile>
    <ClCompile Include="Modules\AntiFakeLaunch.cpp">
      <Filter>Исходные файлы\Modules</Filter>
    </ClCompile>
    <ClCompile Include="Modules\ThreadScanner.cpp">
      <Filter>Исходные файлы\Modules</Filter>
    </ClCompile>
    <ClCompile Include="Modules\ModuleScanner.cpp">
      <Filter>Исходные файлы\Modules</Filter>
    </ClCompile>
    <ClCompile Include="Modules\MemoryScanner.cpp">
      <Filter>Исходные файлы\Modules</Filter>
    </ClCompile>
    <ClCompile Include="Modules\CAPC.cpp">
      <Filter>Исходные файлы\Modules</Filter>
    </ClCompile>
    <ClCompile Include="Modules\GameHooks.cpp">
      <Filter>Исходные файлы\Modules</Filter>
    </ClCompile>
    <ClCompile Include="Modules\SigScanner.cpp">
      <Filter>Исходные файлы\Modules</Filter>
    </ClCompile>
  </ItemGroup>
  <ItemGroup>
    <ClInclude Include="Utils.h">
      <Filter>Файлы заголовков</Filter>
    </ClInclude>
    <ClInclude Include="CRC32.h">
      <Filter>Файлы заголовков</Filter>
    </ClInclude>
    <ClInclude Include="Arthemida.h">
      <Filter>Файлы заголовков</Filter>
    </ClInclude>
    <ClInclude Include="MinHook.h">
      <Filter>Файлы заголовков</Filter>
    </ClInclude>
    <ClInclude Include="CVector.h">
      <Filter>Файлы заголовков</Filter>
    </ClInclude>
    <ClInclude Include="sigscan.h">
      <Filter>Файлы заголовков</Filter>
    </ClInclude>
    <ClInclude Include="Modules\GameHooks.h">
      <Filter>Файлы заголовков\Modules</Filter>
    </ClInclude>
  </ItemGroup>
  <ItemGroup>
    <MASM Include="APC.asm">
      <Filter>Исходные файлы</Filter>
    </MASM>
  </ItemGroup>
</Project>